// !$*UTF8*$!
{
	archiveVersion = 1;
	classes = {
	};
	objectVersion = 50;
	objects = {

/* Begin PBXBuildFile section */
		431A7A1823B859FD00E7DD8F /* NSObject+Perform.m in Sources */ = {isa = PBXBuildFile; fileRef = 431A7A1723B859FD00E7DD8F /* NSObject+Perform.m */; };
		43D0AEE923A39FB000FFEE4D /* AppDelegate.m in Sources */ = {isa = PBXBuildFile; fileRef = 43D0AEE823A39FB000FFEE4D /* AppDelegate.m */; };
		43D0AEEC23A39FB000FFEE4D /* SceneDelegate.m in Sources */ = {isa = PBXBuildFile; fileRef = 43D0AEEB23A39FB000FFEE4D /* SceneDelegate.m */; };
		43D0AEEF23A39FB000FFEE4D /* ViewController.m in Sources */ = {isa = PBXBuildFile; fileRef = 43D0AEEE23A39FB000FFEE4D /* ViewController.m */; };
		43D0AEF223A39FB000FFEE4D /* Main.storyboard in Resources */ = {isa = PBXBuildFile; fileRef = 43D0AEF023A39FB000FFEE4D /* Main.storyboard */; };
		43D0AEF423A39FB200FFEE4D /* Assets.xcassets in Resources */ = {isa = PBXBuildFile; fileRef = 43D0AEF323A39FB200FFEE4D /* Assets.xcassets */; };
		43D0AEF723A39FB200FFEE4D /* LaunchScreen.storyboard in Resources */ = {isa = PBXBuildFile; fileRef = 43D0AEF523A39FB200FFEE4D /* LaunchScreen.storyboard */; };
		43D0AEFA23A39FB200FFEE4D /* main.m in Sources */ = {isa = PBXBuildFile; fileRef = 43D0AEF923A39FB200FFEE4D /* main.m */; };
		43D0AF0123A39FBE00FFEE4D /* EasyDev.m in Sources */ = {isa = PBXBuildFile; fileRef = 43D0AF0023A39FBE00FFEE4D /* EasyDev.m */; };
		43D0AF0523A3A00C00FFEE4D /* Calculator.m in Sources */ = {isa = PBXBuildFile; fileRef = 43D0AF0423A3A00C00FFEE4D /* Calculator.m */; };
		43D0AF0723A3A2C100FFEE4D /* Es.py in Resources */ = {isa = PBXBuildFile; fileRef = 43D0AF0623A3A2C100FFEE4D /* Es.py */; };
/* End PBXBuildFile section */

/* Begin PBXFileReference section */
		431A7A1623B859FD00E7DD8F /* NSObject+Perform.h */ = {isa = PBXFileReference; lastKnownFileType = sourcecode.c.h; path = "NSObject+Perform.h"; sourceTree = "<group>"; };
		431A7A1723B859FD00E7DD8F /* NSObject+Perform.m */ = {isa = PBXFileReference; lastKnownFileType = sourcecode.c.objc; path = "NSObject+Perform.m"; sourceTree = "<group>"; };
		4366620423AA6D6E00AD0099 /* EasyDev.entitlements */ = {isa = PBXFileReference; lastKnownFileType = text.plist.entitlements; path = EasyDev.entitlements; sourceTree = "<group>"; };
		43D0AEE423A39FB000FFEE4D /* EasyDev.app */ = {isa = PBXFileReference; explicitFileType = wrapper.application; includeInIndex = 0; path = EasyDev.app; sourceTree = BUILT_PRODUCTS_DIR; };
		43D0AEE723A39FB000FFEE4D /* AppDelegate.h */ = {isa = PBXFileReference; lastKnownFileType = sourcecode.c.h; path = AppDelegate.h; sourceTree = "<group>"; };
		43D0AEE823A39FB000FFEE4D /* AppDelegate.m */ = {isa = PBXFileReference; lastKnownFileType = sourcecode.c.objc; path = AppDelegate.m; sourceTree = "<group>"; };
		43D0AEEA23A39FB000FFEE4D /* SceneDelegate.h */ = {isa = PBXFileReference; lastKnownFileType = sourcecode.c.h; path = SceneDelegate.h; sourceTree = "<group>"; };
		43D0AEEB23A39FB000FFEE4D /* SceneDelegate.m */ = {isa = PBXFileReference; lastKnownFileType = sourcecode.c.objc; path = SceneDelegate.m; sourceTree = "<group>"; };
		43D0AEED23A39FB000FFEE4D /* ViewController.h */ = {isa = PBXFileReference; lastKnownFileType = sourcecode.c.h; path = ViewController.h; sourceTree = "<group>"; };
		43D0AEEE23A39FB000FFEE4D /* ViewController.m */ = {isa = PBXFileReference; lastKnownFileType = sourcecode.c.objc; path = ViewController.m; sourceTree = "<group>"; };
		43D0AEF123A39FB000FFEE4D /* Base */ = {isa = PBXFileReference; lastKnownFileType = file.storyboard; name = Base; path = Base.lproj/Main.storyboard; sourceTree = "<group>"; };
		43D0AEF323A39FB200FFEE4D /* Assets.xcassets */ = {isa = PBXFileReference; lastKnownFileType = folder.assetcatalog; path = Assets.xcassets; sourceTree = "<group>"; };
		43D0AEF623A39FB200FFEE4D /* Base */ = {isa = PBXFileReference; lastKnownFileType = file.storyboard; name = Base; path = Base.lproj/LaunchScreen.storyboard; sourceTree = "<group>"; };
		43D0AEF823A39FB200FFEE4D /* Info.plist */ = {isa = PBXFileReference; lastKnownFileType = text.plist.xml; path = Info.plist; sourceTree = "<group>"; };
		43D0AEF923A39FB200FFEE4D /* main.m */ = {isa = PBXFileReference; lastKnownFileType = sourcecode.c.objc; path = main.m; sourceTree = "<group>"; };
		43D0AF0023A39FBE00FFEE4D /* EasyDev.m */ = {isa = PBXFileReference; fileEncoding = 4; lastKnownFileType = sourcecode.c.objc; path = EasyDev.m; sourceTree = "<group>"; };
		43D0AF0223A39FC700FFEE4D /* EasyDev.h */ = {isa = PBXFileReference; lastKnownFileType = sourcecode.c.h; path = EasyDev.h; sourceTree = "<group>"; };
		43D0AF0323A3A00C00FFEE4D /* Calculator.h */ = {isa = PBXFileReference; lastKnownFileType = sourcecode.c.h; path = Calculator.h; sourceTree = "<group>"; };
		43D0AF0423A3A00C00FFEE4D /* Calculator.m */ = {isa = PBXFileReference; lastKnownFileType = sourcecode.c.objc; path = Calculator.m; sourceTree = "<group>"; };
		43D0AF0623A3A2C100FFEE4D /* Es.py */ = {isa = PBXFileReference; fileEncoding = 4; lastKnownFileType = text.script.python; path = Es.py; sourceTree = "<group>"; };
/* End PBXFileReference section */

/* Begin PBXFrameworksBuildPhase section */
		43D0AEE123A39FB000FFEE4D /* Frameworks */ = {
			isa = PBXFrameworksBuildPhase;
			buildActionMask = 2147483647;
			files = (
			);
			runOnlyForDeploymentPostprocessing = 0;
		};
/* End PBXFrameworksBuildPhase section */

/* Begin PBXGroup section */
		43D0AEDB23A39FB000FFEE4D = {
			isa = PBXGroup;
			children = (
				43D0AEE623A39FB000FFEE4D /* EasyDev */,
				43D0AEE523A39FB000FFEE4D /* Products */,
			);
			sourceTree = "<group>";
		};
		43D0AEE523A39FB000FFEE4D /* Products */ = {
			isa = PBXGroup;
			children = (
				43D0AEE423A39FB000FFEE4D /* EasyDev.app */,
			);
			name = Products;
			sourceTree = "<group>";
		};
		43D0AEE623A39FB000FFEE4D /* EasyDev */ = {
			isa = PBXGroup;
			children = (
				4366620423AA6D6E00AD0099 /* EasyDev.entitlements */,
				43D0AEE723A39FB000FFEE4D /* AppDelegate.h */,
				43D0AEE823A39FB000FFEE4D /* AppDelegate.m */,
				43D0AF0223A39FC700FFEE4D /* EasyDev.h */,
				43D0AF0023A39FBE00FFEE4D /* EasyDev.m */,
				43D0AF0623A3A2C100FFEE4D /* Es.py */,
				431A7A1623B859FD00E7DD8F /* NSObject+Perform.h */,
				431A7A1723B859FD00E7DD8F /* NSObject+Perform.m */,
				43D0AF0323A3A00C00FFEE4D /* Calculator.h */,
				43D0AF0423A3A00C00FFEE4D /* Calculator.m */,
				43D0AEEA23A39FB000FFEE4D /* SceneDelegate.h */,
				43D0AEEB23A39FB000FFEE4D /* SceneDelegate.m */,
				43D0AEED23A39FB000FFEE4D /* ViewController.h */,
				43D0AEEE23A39FB000FFEE4D /* ViewController.m */,
				43D0AEF023A39FB000FFEE4D /* Main.storyboard */,
				43D0AEF323A39FB200FFEE4D /* Assets.xcassets */,
				43D0AEF523A39FB200FFEE4D /* LaunchScreen.storyboard */,
				43D0AEF823A39FB200FFEE4D /* Info.plist */,
				43D0AEF923A39FB200FFEE4D /* main.m */,
			);
			path = EasyDev;
			sourceTree = "<group>";
		};
/* End PBXGroup section */

/* Begin PBXNativeTarget section */
		43D0AEE323A39FB000FFEE4D /* EasyDev */ = {
			isa = PBXNativeTarget;
			buildConfigurationList = 43D0AEFD23A39FB200FFEE4D /* Build configuration list for PBXNativeTarget "EasyDev" */;
			buildPhases = (
				43D0AEE023A39FB000FFEE4D /* Sources */,
				43D0AEE123A39FB000FFEE4D /* Frameworks */,
				43D0AEE223A39FB000FFEE4D /* Resources */,
			);
			buildRules = (
			);
			dependencies = (
			);
			name = EasyDev;
			productName = EasyDev;
			productReference = 43D0AEE423A39FB000FFEE4D /* EasyDev.app */;
			productType = "com.apple.product-type.application";
		};
/* End PBXNativeTarget section */

/* Begin PBXProject section */
		43D0AEDC23A39FB000FFEE4D /* Project object */ = {
			isa = PBXProject;
			attributes = {
				LastUpgradeCheck = 1100;
				ORGANIZATIONNAME = mac;
				TargetAttributes = {
					43D0AEE323A39FB000FFEE4D = {
						CreatedOnToolsVersion = 11.0;
					};
				};
			};
			buildConfigurationList = 43D0AEDF23A39FB000FFEE4D /* Build configuration list for PBXProject "EasyDev" */;
			compatibilityVersion = "Xcode 9.3";
			developmentRegion = en;
			hasScannedForEncodings = 0;
			knownRegions = (
				en,
				Base,
			);
			mainGroup = 43D0AEDB23A39FB000FFEE4D;
			productRefGroup = 43D0AEE523A39FB000FFEE4D /* Products */;
			projectDirPath = "";
			projectRoot = "";
			targets = (
				43D0AEE323A39FB000FFEE4D /* EasyDev */,
			);
		};
/* End PBXProject section */

/* Begin PBXResourcesBuildPhase section */
		43D0AEE223A39FB000FFEE4D /* Resources */ = {
			isa = PBXResourcesBuildPhase;
			buildActionMask = 2147483647;
			files = (
				43D0AF0723A3A2C100FFEE4D /* Es.py in Resources */,
				43D0AEF723A39FB200FFEE4D /* LaunchScreen.storyboard in Resources */,
				43D0AEF423A39FB200FFEE4D /* Assets.xcassets in Resources */,
				43D0AEF223A39FB000FFEE4D /* Main.storyboard in Resources */,
			);
			runOnlyForDeploymentPostprocessing = 0;
		};
/* End PBXResourcesBuildPhase section */

/* Begin PBXSourcesBuildPhase section */
		43D0AEE023A39FB000FFEE4D /* Sources */ = {
			isa = PBXSourcesBuildPhase;
			buildActionMask = 2147483647;
			files = (
				43D0AEEF23A39FB000FFEE4D /* ViewController.m in Sources */,
				431A7A1823B859FD00E7DD8F /* NSObject+Perform.m in Sources */,
				43D0AF0123A39FBE00FFEE4D /* EasyDev.m in Sources */,
				43D0AEE923A39FB000FFEE4D /* AppDelegate.m in Sources */,
				43D0AF0523A3A00C00FFEE4D /* Calculator.m in Sources */,
				43D0AEFA23A39FB200FFEE4D /* main.m in Sources */,
				43D0AEEC23A39FB000FFEE4D /* SceneDelegate.m in Sources */,
			);
			runOnlyForDeploymentPostprocessing = 0;
		};
/* End PBXSourcesBuildPhase section */

/* Begin PBXVariantGroup section */
		43D0AEF023A39FB000FFEE4D /* Main.storyboard */ = {
			isa = PBXVariantGroup;
			children = (
				43D0AEF123A39FB000FFEE4D /* Base */,
			);
			name = Main.storyboard;
			sourceTree = "<group>";
		};
		43D0AEF523A39FB200FFEE4D /* LaunchScreen.storyboard */ = {
			isa = PBXVariantGroup;
			children = (
				43D0AEF623A39FB200FFEE4D /* Base */,
			);
			name = LaunchScreen.storyboard;
			sourceTree = "<group>";
		};
/* End PBXVariantGroup section */

/* Begin XCBuildConfiguration section */
		43D0AEFB23A39FB200FFEE4D /* Debug */ = {
			isa = XCBuildConfiguration;
			buildSettings = {
				ALWAYS_SEARCH_USER_PATHS = NO;
				CLANG_ANALYZER_NONNULL = YES;
				CLANG_ANALYZER_NUMBER_OBJECT_CONVERSION = YES_AGGRESSIVE;
				CLANG_CXX_LANGUAGE_STANDARD = "gnu++14";
				CLANG_CXX_LIBRARY = "libc++";
				CLANG_ENABLE_MODULES = YES;
				CLANG_ENABLE_OBJC_ARC = YES;
				CLANG_ENABLE_OBJC_WEAK = YES;
				CLANG_WARN_BLOCK_CAPTURE_AUTORELEASING = YES;
				CLANG_WARN_BOOL_CONVERSION = YES;
				CLANG_WARN_COMMA = YES;
				CLANG_WARN_CONSTANT_CONVERSION = YES;
				CLANG_WARN_DEPRECATED_OBJC_IMPLEMENTATIONS = YES;
				CLANG_WARN_DIRECT_OBJC_ISA_USAGE = YES_ERROR;
				CLANG_WARN_DOCUMENTATION_COMMENTS = YES;
				CLANG_WARN_EMPTY_BODY = YES;
				CLANG_WARN_ENUM_CONVERSION = YES;
				CLANG_WARN_INFINITE_RECURSION = YES;
				CLANG_WARN_INT_CONVERSION = YES;
				CLANG_WARN_NON_LITERAL_NULL_CONVERSION = YES;
				CLANG_WARN_OBJC_IMPLICIT_RETAIN_SELF = YES;
				CLANG_WARN_OBJC_LITERAL_CONVERSION = YES;
				CLANG_WARN_OBJC_ROOT_CLASS = YES_ERROR;
				CLANG_WARN_RANGE_LOOP_ANALYSIS = YES;
				CLANG_WARN_STRICT_PROTOTYPES = YES;
				CLANG_WARN_SUSPICIOUS_MOVE = YES;
				CLANG_WARN_UNGUARDED_AVAILABILITY = YES_AGGRESSIVE;
				CLANG_WARN_UNREACHABLE_CODE = YES;
				CLANG_WARN__DUPLICATE_METHOD_MATCH = YES;
				COPY_PHASE_STRIP = NO;
				DEBUG_INFORMATION_FORMAT = dwarf;
				ENABLE_STRICT_OBJC_MSGSEND = YES;
				ENABLE_TESTABILITY = YES;
				GCC_C_LANGUAGE_STANDARD = gnu11;
				GCC_DYNAMIC_NO_PIC = NO;
				GCC_NO_COMMON_BLOCKS = YES;
				GCC_OPTIMIZATION_LEVEL = 0;
				GCC_PREPROCESSOR_DEFINITIONS = (
					"DEBUG=1",
					"$(inherited)",
				);
				GCC_WARN_64_TO_32_BIT_CONVERSION = YES;
				GCC_WARN_ABOUT_RETURN_TYPE = YES_ERROR;
				GCC_WARN_UNDECLARED_SELECTOR = YES;
				GCC_WARN_UNINITIALIZED_AUTOS = YES_AGGRESSIVE;
				GCC_WARN_UNUSED_FUNCTION = YES;
				GCC_WARN_UNUSED_VARIABLE = YES;
				IPHONEOS_DEPLOYMENT_TARGET = 13.0;
				MTL_ENABLE_DEBUG_INFO = INCLUDE_SOURCE;
				MTL_FAST_MATH = YES;
				ONLY_ACTIVE_ARCH = YES;
				SDKROOT = iphoneos;
			};
			name = Debug;
		};
		43D0AEFC23A39FB200FFEE4D /* Release */ = {
			isa = XCBuildConfiguration;
			buildSettings = {
				ALWAYS_SEARCH_USER_PATHS = NO;
				CLANG_ANALYZER_NONNULL = YES;
				CLANG_ANALYZER_NUMBER_OBJECT_CONVERSION = YES_AGGRESSIVE;
				CLANG_CXX_LANGUAGE_STANDARD = "gnu++14";
				CLANG_CXX_LIBRARY = "libc++";
				CLANG_ENABLE_MODULES = YES;
				CLANG_ENABLE_OBJC_ARC = YES;
				CLANG_ENABLE_OBJC_WEAK = YES;
				CLANG_WARN_BLOCK_CAPTURE_AUTORELEASING = YES;
				CLANG_WARN_BOOL_CONVERSION = YES;
				CLANG_WARN_COMMA = YES;
				CLANG_WARN_CONSTANT_CONVERSION = YES;
				CLANG_WARN_DEPRECATED_OBJC_IMPLEMENTATIONS = YES;
				CLANG_WARN_DIRECT_OBJC_ISA_USAGE = YES_ERROR;
				CLANG_WARN_DOCUMENTATION_COMMENTS = YES;
				CLANG_WARN_EMPTY_BODY = YES;
				CLANG_WARN_ENUM_CONVERSION = YES;
				CLANG_WARN_INFINITE_RECURSION = YES;
				CLANG_WARN_INT_CONVERSION = YES;
				CLANG_WARN_NON_LITERAL_NULL_CONVERSION = YES;
				CLANG_WARN_OBJC_IMPLICIT_RETAIN_SELF = YES;
				CLANG_WARN_OBJC_LITERAL_CONVERSION = YES;
				CLANG_WARN_OBJC_ROOT_CLASS = YES_ERROR;
				CLANG_WARN_RANGE_LOOP_ANALYSIS = YES;
				CLANG_WARN_STRICT_PROTOTYPES = YES;
				CLANG_WARN_SUSPICIOUS_MOVE = YES;
				CLANG_WARN_UNGUARDED_AVAILABILITY = YES_AGGRESSIVE;
				CLANG_WARN_UNREACHABLE_CODE = YES;
				CLANG_WARN__DUPLICATE_METHOD_MATCH = YES;
				COPY_PHASE_STRIP = NO;
				DEBUG_INFORMATION_FORMAT = "dwarf-with-dsym";
				ENABLE_NS_ASSERTIONS = NO;
				ENABLE_STRICT_OBJC_MSGSEND = YES;
				GCC_C_LANGUAGE_STANDARD = gnu11;
				GCC_NO_COMMON_BLOCKS = YES;
				GCC_WARN_64_TO_32_BIT_CONVERSION = YES;
				GCC_WARN_ABOUT_RETURN_TYPE = YES_ERROR;
				GCC_WARN_UNDECLARED_SELECTOR = YES;
				GCC_WARN_UNINITIALIZED_AUTOS = YES_AGGRESSIVE;
				GCC_WARN_UNUSED_FUNCTION = YES;
				GCC_WARN_UNUSED_VARIABLE = YES;
				IPHONEOS_DEPLOYMENT_TARGET = 13.0;
				MTL_ENABLE_DEBUG_INFO = NO;
				MTL_FAST_MATH = YES;
				SDKROOT = iphoneos;
				VALIDATE_PRODUCT = YES;
			};
			name = Release;
		};
		43D0AEFE23A39FB200FFEE4D /* Debug */ = {
			isa = XCBuildConfiguration;
			buildSettings = {
				ASSETCATALOG_COMPILER_APPICON_NAME = AppIcon;
				CODE_SIGN_ENTITLEMENTS = EasyDev/EasyDev.entitlements;
				CODE_SIGN_IDENTITY = "Apple Development";
				CODE_SIGN_STYLE = Automatic;
				DERIVE_MACCATALYST_PRODUCT_BUNDLE_IDENTIFIER = YES;
				DEVELOPMENT_TEAM = N294699B43;
				INFOPLIST_FILE = EasyDev/Info.plist;
				LD_RUNPATH_SEARCH_PATHS = (
					"$(inherited)",
					"@executable_path/Frameworks",
				);
				PRODUCT_BUNDLE_IDENTIFIER = com.mac.EasyDev;
				PRODUCT_NAME = "$(TARGET_NAME)";
				PROVISIONING_PROFILE_SPECIFIER = "";
				SUPPORTS_MACCATALYST = YES;
				TARGETED_DEVICE_FAMILY = "1,2";
			};
			name = Debug;
		};
		43D0AEFF23A39FB200FFEE4D /* Release */ = {
			isa = XCBuildConfiguration;
			buildSettings = {
				ASSETCATALOG_COMPILER_APPICON_NAME = AppIcon;
				CODE_SIGN_ENTITLEMENTS = EasyDev/EasyDev.entitlements;
				CODE_SIGN_IDENTITY = "Apple Development";
				CODE_SIGN_STYLE = Automatic;
				DERIVE_MACCATALYST_PRODUCT_BUNDLE_IDENTIFIER = YES;
				DEVELOPMENT_TEAM = N294699B43;
				INFOPLIST_FILE = EasyDev/Info.plist;
				LD_RUNPATH_SEARCH_PATHS = (
					"$(inherited)",
					"@executable_path/Frameworks",
				);
				PRODUCT_BUNDLE_IDENTIFIER = com.mac.EasyDev;
				PRODUCT_NAME = "$(TARGET_NAME)";
				PROVISIONING_PROFILE_SPECIFIER = "";
				SUPPORTS_MACCATALYST = YES;
				TARGETED_DEVICE_FAMILY = "1,2";
			};
			name = Release;
		};
/* End XCBuildConfiguration section */

/* Begin XCConfigurationList section */
		43D0AEDF23A39FB000FFEE4D /* Build configuration list for PBXProject "EasyDev" */ = {
			isa = XCConfigurationList;
			buildConfigurations = (
				43D0AEFB23A39FB200FFEE4D /* Debug */,
				43D0AEFC23A39FB200FFEE4D /* Release */,
			);
			defaultConfigurationIsVisible = 0;
			defaultConfigurationName = Release;
		};
		43D0AEFD23A39FB200FFEE4D /* Build configuration list for PBXNativeTarget "EasyDev" */ = {
			isa = XCConfigurationList;
			buildConfigurations = (
				43D0AEFE23A39FB200FFEE4D /* Debug */,
				43D0AEFF23A39FB200FFEE4D /* Release */,
			);
			defaultConfigurationIsVisible = 0;
			defaultConfigurationName = Release;
		};
/* End XCConfigurationList section */
	};
	rootObject = 43D0AEDC23A39FB000FFEE4D /* Project object */;
}
